Microsoft Visual Studio Solution File, Format Version 12.00
# Visual Studio Version 17
VisualStudioVersion = 17.5.2.0
MinimumVisualStudioVersion = 10.0.40219.1
Project("{FAE04EC0-301F-11D3-BF4B-00C04F79EFBC}") = "fuzzy", "fuzzy.csproj", "{BAA15882-132A-7740-1788-95B3FBA76A18}"
EndProject
Project("{2150E333-8FDC-42A3-9474-1A3956D46DE8}") = "src", "src", "{827E0CD3-B72D-47B6-A68D-7590B98EB39B}"
EndProject
Project("{FAE04EC0-301F-11D3-BF4B-00C04F79EFBC}") = "fuzzy", "src\fuzzy-csharp\fuzzy.csproj", "{3F5BA5C6-0C08-4F96-E8E4-20B770CF8804}"
EndProject
Global
	GlobalSection(SolutionConfigurationPlatforms) = preSolution
		Debug|Any CPU = Debug|Any CPU
		Release|Any CPU = Release|Any CPU
	EndGlobalSection
	GlobalSection(ProjectConfigurationPlatforms) = postSolution
		{BAA15882-132A-7740-1788-95B3FBA76A18}.Debug|Any CPU.ActiveCfg = Debug|Any CPU
		{BAA15882-132A-7740-1788-95B3FBA76A18}.Debug|Any CPU.Build.0 = Debug|Any CPU
		{BAA15882-132A-7740-1788-95B3FBA76A18}.Release|Any CPU.ActiveCfg = Release|Any CPU
		{BAA15882-132A-7740-1788-95B3FBA76A18}.Release|Any CPU.Build.0 = Release|Any CPU
		{3F5BA5C6-0C08-4F96-E8E4-20B770CF8804}.Debug|Any CPU.ActiveCfg = Debug|Any CPU
		{3F5BA5C6-0C08-4F96-E8E4-20B770CF8804}.Debug|Any CPU.Build.0 = Debug|Any CPU
		{3F5BA5C6-0C08-4F96-E8E4-20B770CF8804}.Release|Any CPU.ActiveCfg = Release|Any CPU
		{3F5BA5C6-0C08-4F96-E8E4-20B770CF8804}.Release|Any CPU.Build.0 = Release|Any CPU
	EndGlobalSection
	GlobalSection(SolutionProperties) = preSolution
		HideSolutionNode = FALSE
	EndGlobalSection
	GlobalSection(NestedProjects) = preSolution
		{3F5BA5C6-0C08-4F96-E8E4-20B770CF8804} = {827E0CD3-B72D-47B6-A68D-7590B98EB39B}
	EndGlobalSection
	GlobalSection(ExtensibilityGlobals) = postSolution
		SolutionGuid = {8168EBC9-7408-4978-8602-1C6ACA68DE9F}
	EndGlobalSection
EndGlobal
